
Microsoft Visual Studio Solution File, Format Version 12.00
# Visual Studio Version 17
VisualStudioVersion = 17.10.35013.160
MinimumVisualStudioVersion = 10.0.40219.1
Project("{FAE04EC0-301F-11D3-BF4B-00C04F79EFBC}") = "RBZ_CSV_Personen", "RBZ_CSV_Personen\RBZ_CSV_Personen.csproj", "{4B2CEBF4-6DAF-41B7-8FCF-76F2BC891D3B}"
EndProject
Global
	GlobalSection(SolutionConfigurationPlatforms) = preSolution
		Debug|Any CPU = Debug|Any CPU
		Release|Any CPU = Release|Any CPU
	EndGlobalSection
	GlobalSection(ProjectConfigurationPlatforms) = postSolution
		{4B2CEBF4-6DAF-41B7-8FCF-76F2BC891D3B}.Debug|Any CPU.ActiveCfg = Debug|Any CPU
		{4B2CEBF4-6DAF-41B7-8FCF-76F2BC891D3B}.Debug|Any CPU.Build.0 = Debug|Any CPU
		{4B2CEBF4-6DAF-41B7-8FCF-76F2BC891D3B}.Release|Any CPU.ActiveCfg = Release|Any CPU
		{4B2CEBF4-6DAF-41B7-8FCF-76F2BC891D3B}.Release|Any CPU.Build.0 = Release|Any CPU
	EndGlobalSection
	GlobalSection(SolutionProperties) = preSolution
		HideSolutionNode = FALSE
	EndGlobalSection
	GlobalSection(ExtensibilityGlobals) = postSolution
		SolutionGuid = {7DB3D5DB-DF97-4DA7-AAA7-793064D77C18}
	EndGlobalSection
EndGlobal
